Microsoft Visual Studio Solution File, Format Version 12.00
# Visual Studio Version 17
VisualStudioVersion = 17.5.2.0
MinimumVisualStudioVersion = 10.0.40219.1
Project("{FAE04EC0-301F-11D3-BF4B-00C04F79EFBC}") = "CSharpXmlDocsRemover", "CSharpXmlDocsRemover\CSharpXmlDocsRemover.csproj", "{5515C586-AC72-6A7B-6D29-339FF7E4A584}"
EndProject
Global
	GlobalSection(SolutionConfigurationPlatforms) = preSolution
		Debug|Any CPU = Debug|Any CPU
		Release|Any CPU = Release|Any CPU
	EndGlobalSection
	GlobalSection(ProjectConfigurationPlatforms) = postSolution
		{5515C586-AC72-6A7B-6D29-339FF7E4A584}.Debug|Any CPU.ActiveCfg = Debug|Any CPU
		{5515C586-AC72-6A7B-6D29-339FF7E4A584}.Debug|Any CPU.Build.0 = Debug|Any CPU
		{5515C586-AC72-6A7B-6D29-339FF7E4A584}.Release|Any CPU.ActiveCfg = Release|Any CPU
		{5515C586-AC72-6A7B-6D29-339FF7E4A584}.Release|Any CPU.Build.0 = Release|Any CPU
	EndGlobalSection
	GlobalSection(SolutionProperties) = preSolution
		HideSolutionNode = FALSE
	EndGlobalSection
	GlobalSection(ExtensibilityGlobals) = postSolution
		SolutionGuid = {F791150F-70F3-413E-84CE-FB7A260550D1}
	EndGlobalSection
EndGlobal
